
Microsoft Visual Studio Solution File, Format Version 12.00
# Visual Studio Version 16
VisualStudioVersion = 16.0.30503.244
MinimumVisualStudioVersion = 10.0.40219.1
Project("{FAE04EC0-301F-11D3-BF4B-00C04F79EFBC}") = "Actividad2U2-171G0250", "Actividad2U2-171G0250.csproj", "{ECE645B7-F2F3-4DCE-9002-6762FED49234}"
EndProject
Global
	GlobalSection(SolutionConfigurationPlatforms) = preSolution
		Debug|Any CPU = Debug|Any CPU
		Release|Any CPU = Release|Any CPU
	EndGlobalSection
	GlobalSection(ProjectConfigurationPlatforms) = postSolution
		{ECE645B7-F2F3-4DCE-9002-6762FED49234}.Debug|Any CPU.ActiveCfg = Debug|Any CPU
		{ECE645B7-F2F3-4DCE-9002-6762FED49234}.Debug|Any CPU.Build.0 = Debug|Any CPU
		{ECE645B7-F2F3-4DCE-9002-6762FED49234}.Release|Any CPU.ActiveCfg = Release|Any CPU
		{ECE645B7-F2F3-4DCE-9002-6762FED49234}.Release|Any CPU.Build.0 = Release|Any CPU
	EndGlobalSection
	GlobalSection(SolutionProperties) = preSolution
		HideSolutionNode = FALSE
	EndGlobalSection
	GlobalSection(ExtensibilityGlobals) = postSolution
		SolutionGuid = {403517A0-4856-4D7B-920C-16999337EBF3}
	EndGlobalSection
EndGlobal
